
Microsoft Visual Studio Solution File, Format Version 12.00
# Visual Studio 15
VisualStudioVersion = 15.0.26228.9
MinimumVisualStudioVersion = 10.0.40219.1
Project("{E24C65DC-7377-472B-9ABA-BC803B73C61A}") = "Shopping", "..\wpl projext\Shopping\", "{589F50E1-3685-48B6-A080-4F8E5076E0CF}"
	ProjectSection(WebsiteProperties) = preProject
		TargetFrameworkMoniker = ".NETFramework,Version%3Dv4.5.2"
		Debug.AspNetCompiler.VirtualPath = "/localhost_56270"
		Debug.AspNetCompiler.PhysicalPath = "..\wpl projext\Shopping\"
		Debug.AspNetCompiler.TargetPath = "PrecompiledWeb\localhost_56270\"
		Debug.AspNetCompiler.Updateable = "true"
		Debug.AspNetCompiler.ForceOverwrite = "true"
		Debug.AspNetCompiler.FixedNames = "false"
		Debug.AspNetCompiler.Debug = "True"
		Release.AspNetCompiler.VirtualPath = "/localhost_56270"
		Release.AspNetCompiler.PhysicalPath = "..\wpl projext\Shopping\"
		Release.AspNetCompiler.TargetPath = "PrecompiledWeb\localhost_56270\"
		Release.AspNetCompiler.Updateable = "true"
		Release.AspNetCompiler.ForceOverwrite = "true"
		Release.AspNetCompiler.FixedNames = "false"
		Release.AspNetCompiler.Debug = "False"
		VWDPort = "56270"
		SlnRelativePath = "..\wpl projext\Shopping\"
	EndProjectSection
EndProject
Global
	GlobalSection(SolutionConfigurationPlatforms) = preSolution
		Debug|Any CPU = Debug|Any CPU
	EndGlobalSection
	GlobalSection(ProjectConfigurationPlatforms) = postSolution
		{589F50E1-3685-48B6-A080-4F8E5076E0CF}.Debug|Any CPU.ActiveCfg = Debug|Any CPU
		{589F50E1-3685-48B6-A080-4F8E5076E0CF}.Debug|Any CPU.Build.0 = Debug|Any CPU
	EndGlobalSection
	GlobalSection(SolutionProperties) = preSolution
		HideSolutionNode = FALSE
	EndGlobalSection
EndGlobal
